
Microsoft Visual Studio Solution File, Format Version 12.00
# Visual Studio Version 17
VisualStudioVersion = 17.2.32630.192
MinimumVisualStudioVersion = 10.0.40219.1
Project("{FAE04EC0-301F-11D3-BF4B-00C04F79EFBC}") = "ServerSide", "ServerSide\ServerSide.csproj", "{77640C31-A57C-4054-A6C3-FC80D51E235B}"
EndProject
Global
	GlobalSection(SolutionConfigurationPlatforms) = preSolution
		Debug|Any CPU = Debug|Any CPU
		Release|Any CPU = Release|Any CPU
	EndGlobalSection
	GlobalSection(ProjectConfigurationPlatforms) = postSolution
		{77640C31-A57C-4054-A6C3-FC80D51E235B}.Debug|Any CPU.ActiveCfg = Debug|Any CPU
		{77640C31-A57C-4054-A6C3-FC80D51E235B}.Debug|Any CPU.Build.0 = Debug|Any CPU
		{77640C31-A57C-4054-A6C3-FC80D51E235B}.Release|Any CPU.ActiveCfg = Release|Any CPU
		{77640C31-A57C-4054-A6C3-FC80D51E235B}.Release|Any CPU.Build.0 = Release|Any CPU
	EndGlobalSection
	GlobalSection(SolutionProperties) = preSolution
		HideSolutionNode = FALSE
	EndGlobalSection
	GlobalSection(ExtensibilityGlobals) = postSolution
		SolutionGuid = {E0537949-A802-47C6-BD14-986F8D5E2B86}
	EndGlobalSection
EndGlobal
